<?xml version="1.0" encoding="utf-8"?>
<Project ToolsVersion="4.0" xmlns="http://schemas.microsoft.com/developer/msbuild/2003">
  <ItemGroup>
    <Filter Include="Source Files">
      <UniqueIdentifier>{4FC737F1-C7A5-4376-A066-2A32D752A2FF}</UniqueIdentifier>
      <Extensions>cpp;c;cc;cxx;c++;cppm;ixx;def;odl;idl;hpj;bat;asm;asmx</Extensions>
    </Filter>
    <Filter Include="Header Files">
      <UniqueIdentifier>{93995380-89BD-4b04-88EB-625FBE52EBFB}</UniqueIdentifier>
      <Extensions>h;hh;hpp;hxx;h++;hm;inl;inc;ipp;xsd</Extensions>
    </Filter>
    <Filter Include="Resource Files">
      <UniqueIdentifier>{67DA6AB6-F800-4c08-8B7A-83BB121AAD01}</UniqueIdentifier>
      <Extensions>rc;ico;cur;bmp;dlg;rc2;rct;bin;rgs;gif;jpg;jpeg;jpe;resx;tiff;tif;png;wav;mfcribbon-ms</Extensions>
    </Filter>
    <Filter Include="Dynamic Dependencies">
      <UniqueIdentifier>{8a5bd5df-73b8-470a-b5bc-34824fb12ee8}</UniqueIdentifier>
    </Filter>
  </ItemGroup>
  <ItemGroup>
    <ClCompile Include="Program.ixx">
      <Filter>Source Files</Filter>
    </ClCompile>
    <ClCompile Include="DebugRenderer.ixx">
      <Filter>Source Files</Filter>
    </ClCompile>
    <ClCompile Include="Transform.ixx">
      <Filter>Source Files</Filter>
    </ClCompile>
    <ClCompile Include="Data.ixx">
      <Filter>Source Files</Filter>
    </ClCompile>
    <ClCompile Include="AvxVector.ixx">
      <Filter>Source Files</Filter>
    </ClCompile>
    <ClCompile Include="PhysicsWorld.ixx">
      <Filter>Source Files</Filter>
    </ClCompile>
    <ClCompile Include="TypeAliases.ixx">
      <Filter>Source Files</Filter>
    </ClCompile>
    <ClCompile Include="Shape.ixx">
      <Filter>Source Files</Filter>
    </ClCompile>
  </ItemGroup>
  <ItemGroup>
    <CopyFileToFolders Include="Libraries\Sdl2\x64\SDL2.dll">
      <Filter>Dynamic Dependencies</Filter>
    </CopyFileToFolders>
    <CopyFileToFolders Include="Libraries\Sdl2\x64\SDL2_ttf.dll">
      <Filter>Dynamic Dependencies</Filter>
    </CopyFileToFolders>
    <CopyFileToFolders Include="Assets\CascadiaMono.ttf">
      <Filter>Dynamic Dependencies</Filter>
    </CopyFileToFolders>
  </ItemGroup>
</Project>